
Microsoft Visual Studio Solution File, Format Version 12.00
# Visual Studio Version 16
VisualStudioVersion = 16.0.30413.136
MinimumVisualStudioVersion = 10.0.40219.1
Project("{FAE04EC0-301F-11D3-BF4B-00C04F79EFBC}") = "GitBackupUncommitedFiles", "GitBackupUncommitedFiles.csproj", "{E96B6499-5599-411C-BA2C-A0BE516BCB04}"
EndProject
Project("{54435603-DBB4-11D2-8724-00A0C9A8B90C}") = "Git Backup Uncommited Files", "Setup.GitBackupUncommitedFiles\Setup.GitBackupUncommitedFiles.vdproj", "{F5C6B745-DE0E-4207-B3E7-A78203A5F811}"
EndProject
Global
	GlobalSection(SolutionConfigurationPlatforms) = preSolution
		Debug|Any CPU = Debug|Any CPU
		Release|Any CPU = Release|Any CPU
	EndGlobalSection
	GlobalSection(ProjectConfigurationPlatforms) = postSolution
		{E96B6499-5599-411C-BA2C-A0BE516BCB04}.Debug|Any CPU.ActiveCfg = Debug|Any CPU
		{E96B6499-5599-411C-BA2C-A0BE516BCB04}.Debug|Any CPU.Build.0 = Debug|Any CPU
		{E96B6499-5599-411C-BA2C-A0BE516BCB04}.Release|Any CPU.ActiveCfg = Release|Any CPU
		{E96B6499-5599-411C-BA2C-A0BE516BCB04}.Release|Any CPU.Build.0 = Release|Any CPU
		{F5C6B745-DE0E-4207-B3E7-A78203A5F811}.Debug|Any CPU.ActiveCfg = Debug
		{F5C6B745-DE0E-4207-B3E7-A78203A5F811}.Debug|Any CPU.Build.0 = Debug
		{F5C6B745-DE0E-4207-B3E7-A78203A5F811}.Release|Any CPU.ActiveCfg = Release
		{F5C6B745-DE0E-4207-B3E7-A78203A5F811}.Release|Any CPU.Build.0 = Release
	EndGlobalSection
	GlobalSection(SolutionProperties) = preSolution
		HideSolutionNode = FALSE
	EndGlobalSection
	GlobalSection(ExtensibilityGlobals) = postSolution
		SolutionGuid = {E59A3E86-588E-4632-BDBC-FA7A268C2973}
	EndGlobalSection
EndGlobal
